version = 1
requires-python = ">=3.12"

[[package]]
name = "blink"
version = "0.1.0"
source = { virtual = "." }
dependencies = [
    { name = "rpi-ws281x" },
]

[package.metadata]
requires-dist = [{ name = "rpi-ws281x", specifier = ">=5.0.0" }]

[[package]]
name = "rpi-ws281x"
version = "5.0.0"
source = { registry = "https://pypi.org/simple" }
sdist = { url = "https://files.pythonhosted.org/packages/c0/1e/642208a685c5e96d38323f42c75d9b24f95e2d1b8390dd104e04a712f29e/rpi_ws281x-5.0.0.tar.gz", hash = "sha256:00ce6db771436b778d0930245cf8ea2aae11008cc5fd67d57789c5422af3ee55", size = 64519 }
